// !$*UTF8*$!
{
	archiveVersion = 1;
	classes = {
	};
	objectVersion = 50;
	objects = {

/* Begin PBXBuildFile section */
		374DFDC12184E4F500C2EBC2 /* CubicBezierCurve.swift in Sources */ = {isa = PBXBuildFile; fileRef = 374DFDC02184E4F500C2EBC2 /* CubicBezierCurve.swift */; };
		376E069E2184715E00C39AFC /* AppDelegate.swift in Sources */ = {isa = PBXBuildFile; fileRef = 376E069D2184715E00C39AFC /* AppDelegate.swift */; };
		376E06A32184715E00C39AFC /* Main.storyboard in Resources */ = {isa = PBXBuildFile; fileRef = 376E06A12184715E00C39AFC /* Main.storyboard */; };
		376E06A52184715E00C39AFC /* Assets.xcassets in Resources */ = {isa = PBXBuildFile; fileRef = 376E06A42184715E00C39AFC /* Assets.xcassets */; };
		376E06B32184715E00C39AFC /* AloeVeraCurveTests.swift in Sources */ = {isa = PBXBuildFile; fileRef = 376E06B22184715E00C39AFC /* AloeVeraCurveTests.swift */; };
		376E06D32184729B00C39AFC /* LineCurve.swift in Sources */ = {isa = PBXBuildFile; fileRef = 376E06D22184729B00C39AFC /* LineCurve.swift */; };
		376E06D52184734300C39AFC /* LaunchScreen.storyboard in Resources */ = {isa = PBXBuildFile; fileRef = 376E06D42184734300C39AFC /* LaunchScreen.storyboard */; };
		376E06D9218474E900C39AFC /* ExampleViewController.swift in Sources */ = {isa = PBXBuildFile; fileRef = 376E06D8218474E900C39AFC /* ExampleViewController.swift */; };
		376E06DB2184751E00C39AFC /* ListViewController.swift in Sources */ = {isa = PBXBuildFile; fileRef = 376E06DA2184751E00C39AFC /* ListViewController.swift */; };
		376E06DD218475B600C39AFC /* Example.swift in Sources */ = {isa = PBXBuildFile; fileRef = 376E06DC218475B600C39AFC /* Example.swift */; };
		376E06DF2184841F00C39AFC /* Errors.swift in Sources */ = {isa = PBXBuildFile; fileRef = 376E06DE2184841F00C39AFC /* Errors.swift */; };
		376E06E321848ED100C39AFC /* ParabolaCurve.swift in Sources */ = {isa = PBXBuildFile; fileRef = 376E06E221848ED100C39AFC /* ParabolaCurve.swift */; };
		37AAEA5B2184BA4A004A1AB8 /* LinearBezierCurve.swift in Sources */ = {isa = PBXBuildFile; fileRef = 37AAEA5A2184BA4A004A1AB8 /* LinearBezierCurve.swift */; };
		37AAEA5D2184C458004A1AB8 /* QuadraticBezierCurve.swift in Sources */ = {isa = PBXBuildFile; fileRef = 37AAEA5C2184C458004A1AB8 /* QuadraticBezierCurve.swift */; };
/* End PBXBuildFile section */

/* Begin PBXContainerItemProxy section */
		376E06AF2184715E00C39AFC /* PBXContainerItemProxy */ = {
			isa = PBXContainerItemProxy;
			containerPortal = 376E06922184715E00C39AFC /* Project object */;
			proxyType = 1;
			remoteGlobalIDString = 376E06992184715E00C39AFC;
			remoteInfo = AloeVeraCurve;
		};
/* End PBXContainerItemProxy section */

/* Begin PBXFileReference section */
		374DFDC02184E4F500C2EBC2 /* CubicBezierCurve.swift */ = {isa = PBXFileReference; lastKnownFileType = sourcecode.swift; path = CubicBezierCurve.swift; sourceTree = "<group>"; };
		376E069A2184715E00C39AFC /* AloeVeraCurve.app */ = {isa = PBXFileReference; explicitFileType = wrapper.application; includeInIndex = 0; path = AloeVeraCurve.app; sourceTree = BUILT_PRODUCTS_DIR; };
		376E069D2184715E00C39AFC /* AppDelegate.swift */ = {isa = PBXFileReference; lastKnownFileType = sourcecode.swift; path = AppDelegate.swift; sourceTree = "<group>"; };
		376E06A22184715E00C39AFC /* Base */ = {isa = PBXFileReference; lastKnownFileType = file.storyboard; name = Base; path = Base.lproj/Main.storyboard; sourceTree = "<group>"; };
		376E06A42184715E00C39AFC /* Assets.xcassets */ = {isa = PBXFileReference; lastKnownFileType = folder.assetcatalog; path = Assets.xcassets; sourceTree = "<group>"; };
		376E06A92184715E00C39AFC /* Info.plist */ = {isa = PBXFileReference; lastKnownFileType = text.plist.xml; path = Info.plist; sourceTree = "<group>"; };
		376E06AE2184715E00C39AFC /* AloeVeraCurveTests.xctest */ = {isa = PBXFileReference; explicitFileType = wrapper.cfbundle; includeInIndex = 0; path = AloeVeraCurveTests.xctest; sourceTree = BUILT_PRODUCTS_DIR; };
		376E06B22184715E00C39AFC /* AloeVeraCurveTests.swift */ = {isa = PBXFileReference; lastKnownFileType = sourcecode.swift; path = AloeVeraCurveTests.swift; sourceTree = "<group>"; };
		376E06B42184715E00C39AFC /* Info.plist */ = {isa = PBXFileReference; lastKnownFileType = text.plist.xml; path = Info.plist; sourceTree = "<group>"; };
		376E06D22184729B00C39AFC /* LineCurve.swift */ = {isa = PBXFileReference; lastKnownFileType = sourcecode.swift; path = LineCurve.swift; sourceTree = "<group>"; };
		376E06D42184734300C39AFC /* LaunchScreen.storyboard */ = {isa = PBXFileReference; fileEncoding = 4; lastKnownFileType = file.storyboard; path = LaunchScreen.storyboard; sourceTree = "<group>"; };
		376E06D8218474E900C39AFC /* ExampleViewController.swift */ = {isa = PBXFileReference; lastKnownFileType = sourcecode.swift; path = ExampleViewController.swift; sourceTree = "<group>"; };
		376E06DA2184751E00C39AFC /* ListViewController.swift */ = {isa = PBXFileReference; lastKnownFileType = sourcecode.swift; path = ListViewController.swift; sourceTree = "<group>"; };
		376E06DC218475B600C39AFC /* Example.swift */ = {isa = PBXFileReference; lastKnownFileType = sourcecode.swift; path = Example.swift; sourceTree = "<group>"; };
		376E06DE2184841F00C39AFC /* Errors.swift */ = {isa = PBXFileReference; lastKnownFileType = sourcecode.swift; path = Errors.swift; sourceTree = "<group>"; };
		376E06E221848ED100C39AFC /* ParabolaCurve.swift */ = {isa = PBXFileReference; fileEncoding = 4; lastKnownFileType = sourcecode.swift; path = ParabolaCurve.swift; sourceTree = "<group>"; };
		37AAEA5A2184BA4A004A1AB8 /* LinearBezierCurve.swift */ = {isa = PBXFileReference; lastKnownFileType = sourcecode.swift; path = LinearBezierCurve.swift; sourceTree = "<group>"; };
		37AAEA5C2184C458004A1AB8 /* QuadraticBezierCurve.swift */ = {isa = PBXFileReference; lastKnownFileType = sourcecode.swift; path = QuadraticBezierCurve.swift; sourceTree = "<group>"; };
/* End PBXFileReference section */

/* Begin PBXFrameworksBuildPhase section */
		376E06972184715E00C39AFC /* Frameworks */ = {
			isa = PBXFrameworksBuildPhase;
			buildActionMask = 2147483647;
			files = (
			);
			runOnlyForDeploymentPostprocessing = 0;
		};
		376E06AB2184715E00C39AFC /* Frameworks */ = {
			isa = PBXFrameworksBuildPhase;
			buildActionMask = 2147483647;
			files = (
			);
			runOnlyForDeploymentPostprocessing = 0;
		};
/* End PBXFrameworksBuildPhase section */

/* Begin PBXGroup section */
		376E06912184715E00C39AFC = {
			isa = PBXGroup;
			children = (
				376E069C2184715E00C39AFC /* AloeVeraCurve */,
				376E06B12184715E00C39AFC /* AloeVeraCurveTests */,
				376E069B2184715E00C39AFC /* Products */,
			);
			sourceTree = "<group>";
		};
		376E069B2184715E00C39AFC /* Products */ = {
			isa = PBXGroup;
			children = (
				376E069A2184715E00C39AFC /* AloeVeraCurve.app */,
				376E06AE2184715E00C39AFC /* AloeVeraCurveTests.xctest */,
			);
			name = Products;
			sourceTree = "<group>";
		};
		376E069C2184715E00C39AFC /* AloeVeraCurve */ = {
			isa = PBXGroup;
			children = (
				376E069D2184715E00C39AFC /* AppDelegate.swift */,
				376E06DC218475B600C39AFC /* Example.swift */,
				376E06DA2184751E00C39AFC /* ListViewController.swift */,
				376E06D8218474E900C39AFC /* ExampleViewController.swift */,
				376E06A12184715E00C39AFC /* Main.storyboard */,
				376E06D12184727500C39AFC /* sources */,
				376E06BD2184718100C39AFC /* Supporting files */,
			);
			path = AloeVeraCurve;
			sourceTree = "<group>";
		};
		376E06B12184715E00C39AFC /* AloeVeraCurveTests */ = {
			isa = PBXGroup;
			children = (
				376E06B22184715E00C39AFC /* AloeVeraCurveTests.swift */,
				376E06B42184715E00C39AFC /* Info.plist */,
			);
			path = AloeVeraCurveTests;
			sourceTree = "<group>";
		};
		376E06BD2184718100C39AFC /* Supporting files */ = {
			isa = PBXGroup;
			children = (
				376E06D42184734300C39AFC /* LaunchScreen.storyboard */,
				376E06A42184715E00C39AFC /* Assets.xcassets */,
				376E06A92184715E00C39AFC /* Info.plist */,
			);
			name = "Supporting files";
			sourceTree = "<group>";
		};
		376E06D12184727500C39AFC /* sources */ = {
			isa = PBXGroup;
			children = (
				376E06DE2184841F00C39AFC /* Errors.swift */,
				376E06D22184729B00C39AFC /* LineCurve.swift */,
				376E06E221848ED100C39AFC /* ParabolaCurve.swift */,
				37AAEA5A2184BA4A004A1AB8 /* LinearBezierCurve.swift */,
				37AAEA5C2184C458004A1AB8 /* QuadraticBezierCurve.swift */,
				374DFDC02184E4F500C2EBC2 /* CubicBezierCurve.swift */,
			);
			name = sources;
			path = ../../sources;
			sourceTree = "<group>";
		};
/* End PBXGroup section */

/* Begin PBXNativeTarget section */
		376E06992184715E00C39AFC /* AloeVeraCurve */ = {
			isa = PBXNativeTarget;
			buildConfigurationList = 376E06B72184715E00C39AFC /* Build configuration list for PBXNativeTarget "AloeVeraCurve" */;
			buildPhases = (
				376E06962184715E00C39AFC /* Sources */,
				376E06972184715E00C39AFC /* Frameworks */,
				376E06982184715E00C39AFC /* Resources */,
			);
			buildRules = (
			);
			dependencies = (
			);
			name = AloeVeraCurve;
			productName = AloeVeraCurve;
			productReference = 376E069A2184715E00C39AFC /* AloeVeraCurve.app */;
			productType = "com.apple.product-type.application";
		};
		376E06AD2184715E00C39AFC /* AloeVeraCurveTests */ = {
			isa = PBXNativeTarget;
			buildConfigurationList = 376E06BA2184715E00C39AFC /* Build configuration list for PBXNativeTarget "AloeVeraCurveTests" */;
			buildPhases = (
				376E06AA2184715E00C39AFC /* Sources */,
				376E06AB2184715E00C39AFC /* Frameworks */,
				376E06AC2184715E00C39AFC /* Resources */,
			);
			buildRules = (
			);
			dependencies = (
				376E06B02184715E00C39AFC /* PBXTargetDependency */,
			);
			name = AloeVeraCurveTests;
			productName = AloeVeraCurveTests;
			productReference = 376E06AE2184715E00C39AFC /* AloeVeraCurveTests.xctest */;
			productType = "com.apple.product-type.bundle.unit-test";
		};
/* End PBXNativeTarget section */

/* Begin PBXProject section */
		376E06922184715E00C39AFC /* Project object */ = {
			isa = PBXProject;
			attributes = {
				LastSwiftUpdateCheck = 1000;
				LastUpgradeCheck = 1000;
				ORGANIZATIONNAME = Hani;
				TargetAttributes = {
					376E06992184715E00C39AFC = {
						CreatedOnToolsVersion = 10.0;
					};
					376E06AD2184715E00C39AFC = {
						CreatedOnToolsVersion = 10.0;
						TestTargetID = 376E06992184715E00C39AFC;
					};
				};
			};
			buildConfigurationList = 376E06952184715E00C39AFC /* Build configuration list for PBXProject "AloeVeraCurve" */;
			compatibilityVersion = "Xcode 9.3";
			developmentRegion = en;
			hasScannedForEncodings = 0;
			knownRegions = (
				en,
				Base,
			);
			mainGroup = 376E06912184715E00C39AFC;
			productRefGroup = 376E069B2184715E00C39AFC /* Products */;
			projectDirPath = "";
			projectRoot = "";
			targets = (
				376E06992184715E00C39AFC /* AloeVeraCurve */,
				376E06AD2184715E00C39AFC /* AloeVeraCurveTests */,
			);
		};
/* End PBXProject section */

/* Begin PBXResourcesBuildPhase section */
		376E06982184715E00C39AFC /* Resources */ = {
			isa = PBXResourcesBuildPhase;
			buildActionMask = 2147483647;
			files = (
				376E06D52184734300C39AFC /* LaunchScreen.storyboard in Resources */,
				376E06A52184715E00C39AFC /* Assets.xcassets in Resources */,
				376E06A32184715E00C39AFC /* Main.storyboard in Resources */,
			);
			runOnlyForDeploymentPostprocessing = 0;
		};
		376E06AC2184715E00C39AFC /* Resources */ = {
			isa = PBXResourcesBuildPhase;
			buildActionMask = 2147483647;
			files = (
			);
			runOnlyForDeploymentPostprocessing = 0;
		};
/* End PBXResourcesBuildPhase section */

/* Begin PBXSourcesBuildPhase section */
		376E06962184715E00C39AFC /* Sources */ = {
			isa = PBXSourcesBuildPhase;
			buildActionMask = 2147483647;
			files = (
				376E06D32184729B00C39AFC /* LineCurve.swift in Sources */,
				374DFDC12184E4F500C2EBC2 /* CubicBezierCurve.swift in Sources */,
				376E06E321848ED100C39AFC /* ParabolaCurve.swift in Sources */,
				376E06D9218474E900C39AFC /* ExampleViewController.swift in Sources */,
				37AAEA5D2184C458004A1AB8 /* QuadraticBezierCurve.swift in Sources */,
				37AAEA5B2184BA4A004A1AB8 /* LinearBezierCurve.swift in Sources */,
				376E06DB2184751E00C39AFC /* ListViewController.swift in Sources */,
				376E069E2184715E00C39AFC /* AppDelegate.swift in Sources */,
				376E06DF2184841F00C39AFC /* Errors.swift in Sources */,
				376E06DD218475B600C39AFC /* Example.swift in Sources */,
			);
			runOnlyForDeploymentPostprocessing = 0;
		};
		376E06AA2184715E00C39AFC /* Sources */ = {
			isa = PBXSourcesBuildPhase;
			buildActionMask = 2147483647;
			files = (
				376E06B32184715E00C39AFC /* AloeVeraCurveTests.swift in Sources */,
			);
			runOnlyForDeploymentPostprocessing = 0;
		};
/* End PBXSourcesBuildPhase section */

/* Begin PBXTargetDependency section */
		376E06B02184715E00C39AFC /* PBXTargetDependency */ = {
			isa = PBXTargetDependency;
			target = 376E06992184715E00C39AFC /* AloeVeraCurve */;
			targetProxy = 376E06AF2184715E00C39AFC /* PBXContainerItemProxy */;
		};
/* End PBXTargetDependency section */

/* Begin PBXVariantGroup section */
		376E06A12184715E00C39AFC /* Main.storyboard */ = {
			isa = PBXVariantGroup;
			children = (
				376E06A22184715E00C39AFC /* Base */,
			);
			name = Main.storyboard;
			sourceTree = "<group>";
		};
/* End PBXVariantGroup section */

/* Begin XCBuildConfiguration section */
		376E06B52184715E00C39AFC /* Debug */ = {
			isa = XCBuildConfiguration;
			buildSettings = {
				ALWAYS_SEARCH_USER_PATHS = NO;
				CLANG_ANALYZER_NONNULL = YES;
				CLANG_ANALYZER_NUMBER_OBJECT_CONVERSION = YES_AGGRESSIVE;
				CLANG_CXX_LANGUAGE_STANDARD = "gnu++14";
				CLANG_CXX_LIBRARY = "libc++";
				CLANG_ENABLE_MODULES = YES;
				CLANG_ENABLE_OBJC_ARC = YES;
				CLANG_ENABLE_OBJC_WEAK = YES;
				CLANG_WARN_BLOCK_CAPTURE_AUTORELEASING = YES;
				CLANG_WARN_BOOL_CONVERSION = YES;
				CLANG_WARN_COMMA = YES;
				CLANG_WARN_CONSTANT_CONVERSION = YES;
				CLANG_WARN_DEPRECATED_OBJC_IMPLEMENTATIONS = YES;
				CLANG_WARN_DIRECT_OBJC_ISA_USAGE = YES_ERROR;
				CLANG_WARN_DOCUMENTATION_COMMENTS = YES;
				CLANG_WARN_EMPTY_BODY = YES;
				CLANG_WARN_ENUM_CONVERSION = YES;
				CLANG_WARN_INFINITE_RECURSION = YES;
				CLANG_WARN_INT_CONVERSION = YES;
				CLANG_WARN_NON_LITERAL_NULL_CONVERSION = YES;
				CLANG_WARN_OBJC_IMPLICIT_RETAIN_SELF = YES;
				CLANG_WARN_OBJC_LITERAL_CONVERSION = YES;
				CLANG_WARN_OBJC_ROOT_CLASS = YES_ERROR;
				CLANG_WARN_RANGE_LOOP_ANALYSIS = YES;
				CLANG_WARN_STRICT_PROTOTYPES = YES;
				CLANG_WARN_SUSPICIOUS_MOVE = YES;
				CLANG_WARN_UNGUARDED_AVAILABILITY = YES_AGGRESSIVE;
				CLANG_WARN_UNREACHABLE_CODE = YES;
				CLANG_WARN__DUPLICATE_METHOD_MATCH = YES;
				CODE_SIGN_IDENTITY = "iPhone Developer";
				COPY_PHASE_STRIP = NO;
				DEBUG_INFORMATION_FORMAT = dwarf;
				ENABLE_STRICT_OBJC_MSGSEND = YES;
				ENABLE_TESTABILITY = YES;
				GCC_C_LANGUAGE_STANDARD = gnu11;
				GCC_DYNAMIC_NO_PIC = NO;
				GCC_NO_COMMON_BLOCKS = YES;
				GCC_OPTIMIZATION_LEVEL = 0;
				GCC_PREPROCESSOR_DEFINITIONS = (
					"DEBUG=1",
					"$(inherited)",
				);
				GCC_WARN_64_TO_32_BIT_CONVERSION = YES;
				GCC_WARN_ABOUT_RETURN_TYPE = YES_ERROR;
				GCC_WARN_UNDECLARED_SELECTOR = YES;
				GCC_WARN_UNINITIALIZED_AUTOS = YES_AGGRESSIVE;
				GCC_WARN_UNUSED_FUNCTION = YES;
				GCC_WARN_UNUSED_VARIABLE = YES;
				IPHONEOS_DEPLOYMENT_TARGET = 12.0;
				MTL_ENABLE_DEBUG_INFO = INCLUDE_SOURCE;
				MTL_FAST_MATH = YES;
				ONLY_ACTIVE_ARCH = YES;
				SDKROOT = iphoneos;
				SWIFT_ACTIVE_COMPILATION_CONDITIONS = DEBUG;
				SWIFT_OPTIMIZATION_LEVEL = "-Onone";
			};
			name = Debug;
		};
		376E06B62184715E00C39AFC /* Release */ = {
			isa = XCBuildConfiguration;
			buildSettings = {
				ALWAYS_SEARCH_USER_PATHS = NO;
				CLANG_ANALYZER_NONNULL = YES;
				CLANG_ANALYZER_NUMBER_OBJECT_CONVERSION = YES_AGGRESSIVE;
				CLANG_CXX_LANGUAGE_STANDARD = "gnu++14";
				CLANG_CXX_LIBRARY = "libc++";
				CLANG_ENABLE_MODULES = YES;
				CLANG_ENABLE_OBJC_ARC = YES;
				CLANG_ENABLE_OBJC_WEAK = YES;
				CLANG_WARN_BLOCK_CAPTURE_AUTORELEASING = YES;
				CLANG_WARN_BOOL_CONVERSION = YES;
				CLANG_WARN_COMMA = YES;
				CLANG_WARN_CONSTANT_CONVERSION = YES;
				CLANG_WARN_DEPRECATED_OBJC_IMPLEMENTATIONS = YES;
				CLANG_WARN_DIRECT_OBJC_ISA_USAGE = YES_ERROR;
				CLANG_WARN_DOCUMENTATION_COMMENTS = YES;
				CLANG_WARN_EMPTY_BODY = YES;
				CLANG_WARN_ENUM_CONVERSION = YES;
				CLANG_WARN_INFINITE_RECURSION = YES;
				CLANG_WARN_INT_CONVERSION = YES;
				CLANG_WARN_NON_LITERAL_NULL_CONVERSION = YES;
				CLANG_WARN_OBJC_IMPLICIT_RETAIN_SELF = YES;
				CLANG_WARN_OBJC_LITERAL_CONVERSION = YES;
				CLANG_WARN_OBJC_ROOT_CLASS = YES_ERROR;
				CLANG_WARN_RANGE_LOOP_ANALYSIS = YES;
				CLANG_WARN_STRICT_PROTOTYPES = YES;
				CLANG_WARN_SUSPICIOUS_MOVE = YES;
				CLANG_WARN_UNGUARDED_AVAILABILITY = YES_AGGRESSIVE;
				CLANG_WARN_UNREACHABLE_CODE = YES;
				CLANG_WARN__DUPLICATE_METHOD_MATCH = YES;
				CODE_SIGN_IDENTITY = "iPhone Developer";
				COPY_PHASE_STRIP = NO;
				DEBUG_INFORMATION_FORMAT = "dwarf-with-dsym";
				ENABLE_NS_ASSERTIONS = NO;
				ENABLE_STRICT_OBJC_MSGSEND = YES;
				GCC_C_LANGUAGE_STANDARD = gnu11;
				GCC_NO_COMMON_BLOCKS = YES;
				GCC_WARN_64_TO_32_BIT_CONVERSION = YES;
				GCC_WARN_ABOUT_RETURN_TYPE = YES_ERROR;
				GCC_WARN_UNDECLARED_SELECTOR = YES;
				GCC_WARN_UNINITIALIZED_AUTOS = YES_AGGRESSIVE;
				GCC_WARN_UNUSED_FUNCTION = YES;
				GCC_WARN_UNUSED_VARIABLE = YES;
				IPHONEOS_DEPLOYMENT_TARGET = 12.0;
				MTL_ENABLE_DEBUG_INFO = NO;
				MTL_FAST_MATH = YES;
				SDKROOT = iphoneos;
				SWIFT_COMPILATION_MODE = wholemodule;
				SWIFT_OPTIMIZATION_LEVEL = "-O";
				VALIDATE_PRODUCT = YES;
			};
			name = Release;
		};
		376E06B82184715E00C39AFC /* Debug */ = {
			isa = XCBuildConfiguration;
			buildSettings = {
				ASSETCATALOG_COMPILER_APPICON_NAME = AppIcon;
				CODE_SIGN_STYLE = Automatic;
				INFOPLIST_FILE = AloeVeraCurve/Info.plist;
				IPHONEOS_DEPLOYMENT_TARGET = 11.0;
				LD_RUNPATH_SEARCH_PATHS = (
					"$(inherited)",
					"@executable_path/Frameworks",
				);
				PRODUCT_BUNDLE_IDENTIFIER = com.hani.AloeVeraCurve;
				PRODUCT_NAME = "$(TARGET_NAME)";
				SWIFT_VERSION = 4.2;
				TARGETED_DEVICE_FAMILY = "1,2";
			};
			name = Debug;
		};
		376E06B92184715E00C39AFC /* Release */ = {
			isa = XCBuildConfiguration;
			buildSettings = {
				ASSETCATALOG_COMPILER_APPICON_NAME = AppIcon;
				CODE_SIGN_STYLE = Automatic;
				INFOPLIST_FILE = AloeVeraCurve/Info.plist;
				IPHONEOS_DEPLOYMENT_TARGET = 11.0;
				LD_RUNPATH_SEARCH_PATHS = (
					"$(inherited)",
					"@executable_path/Frameworks",
				);
				PRODUCT_BUNDLE_IDENTIFIER = com.hani.AloeVeraCurve;
				PRODUCT_NAME = "$(TARGET_NAME)";
				SWIFT_VERSION = 4.2;
				TARGETED_DEVICE_FAMILY = "1,2";
			};
			name = Release;
		};
		376E06BB2184715E00C39AFC /* Debug */ = {
			isa = XCBuildConfiguration;
			buildSettings = {
				ALWAYS_EMBED_SWIFT_STANDARD_LIBRARIES = YES;
				BUNDLE_LOADER = "$(TEST_HOST)";
				CODE_SIGN_STYLE = Automatic;
				INFOPLIST_FILE = AloeVeraCurveTests/Info.plist;
				LD_RUNPATH_SEARCH_PATHS = (
					"$(inherited)",
					"@executable_path/Frameworks",
					"@loader_path/Frameworks",
				);
				PRODUCT_BUNDLE_IDENTIFIER = com.hani.AloeVeraCurveTests;
				PRODUCT_NAME = "$(TARGET_NAME)";
				SWIFT_VERSION = 4.2;
				TARGETED_DEVICE_FAMILY = "1,2";
				TEST_HOST = "$(BUILT_PRODUCTS_DIR)/AloeVeraCurve.app/AloeVeraCurve";
			};
			name = Debug;
		};
		376E06BC2184715E00C39AFC /* Release */ = {
			isa = XCBuildConfiguration;
			buildSettings = {
				ALWAYS_EMBED_SWIFT_STANDARD_LIBRARIES = YES;
				BUNDLE_LOADER = "$(TEST_HOST)";
				CODE_SIGN_STYLE = Automatic;
				INFOPLIST_FILE = AloeVeraCurveTests/Info.plist;
				LD_RUNPATH_SEARCH_PATHS = (
					"$(inherited)",
					"@executable_path/Frameworks",
					"@loader_path/Frameworks",
				);
				PRODUCT_BUNDLE_IDENTIFIER = com.hani.AloeVeraCurveTests;
				PRODUCT_NAME = "$(TARGET_NAME)";
				SWIFT_VERSION = 4.2;
				TARGETED_DEVICE_FAMILY = "1,2";
				TEST_HOST = "$(BUILT_PRODUCTS_DIR)/AloeVeraCurve.app/AloeVeraCurve";
			};
			name = Release;
		};
/* End XCBuildConfiguration section */

/* Begin XCConfigurationList section */
		376E06952184715E00C39AFC /* Build configuration list for PBXProject "AloeVeraCurve" */ = {
			isa = XCConfigurationList;
			buildConfigurations = (
				376E06B52184715E00C39AFC /* Debug */,
				376E06B62184715E00C39AFC /* Release */,
			);
			defaultConfigurationIsVisible = 0;
			defaultConfigurationName = Release;
		};
		376E06B72184715E00C39AFC /* Build configuration list for PBXNativeTarget "AloeVeraCurve" */ = {
			isa = XCConfigurationList;
			buildConfigurations = (
				376E06B82184715E00C39AFC /* Debug */,
				376E06B92184715E00C39AFC /* Release */,
			);
			defaultConfigurationIsVisible = 0;
			defaultConfigurationName = Release;
		};
		376E06BA2184715E00C39AFC /* Build configuration list for PBXNativeTarget "AloeVeraCurveTests" */ = {
			isa = XCConfigurationList;
			buildConfigurations = (
				376E06BB2184715E00C39AFC /* Debug */,
				376E06BC2184715E00C39AFC /* Release */,
			);
			defaultConfigurationIsVisible = 0;
			defaultConfigurationName = Release;
		};
/* End XCConfigurationList section */
	};
	rootObject = 376E06922184715E00C39AFC /* Project object */;
}
